
Microsoft Visual Studio Solution File, Format Version 12.00
# Visual Studio 15
VisualStudioVersion = 15.0.28010.2003
MinimumVisualStudioVersion = 10.0.40219.1
Project("{FAE04EC0-301F-11D3-BF4B-00C04F79EFBC}") = "ArrayConsoleApp", "ArrayConsoleApp\ArrayConsoleApp.csproj", "{15AA11F7-DB44-459D-9212-A7093BA89F79}"
EndProject
Project("{FAE04EC0-301F-11D3-BF4B-00C04F79EFBC}") = "ArrayClassLibrary", "ArrayClassLibrary\ArrayClassLibrary.csproj", "{3A5CDAED-A817-4E13-9F33-B55FB13353A6}"
EndProject
Project("{FAE04EC0-301F-11D3-BF4B-00C04F79EFBC}") = "MyArrayTestProject", "MyArrayTestProject\MyArrayTestProject.csproj", "{9FCBFFBE-C639-4DDD-8F06-787FDB175793}"
EndProject
Global
	GlobalSection(SolutionConfigurationPlatforms) = preSolution
		Debug|Any CPU = Debug|Any CPU
		Release|Any CPU = Release|Any CPU
	EndGlobalSection
	GlobalSection(ProjectConfigurationPlatforms) = postSolution
		{15AA11F7-DB44-459D-9212-A7093BA89F79}.Debug|Any CPU.ActiveCfg = Debug|Any CPU
		{15AA11F7-DB44-459D-9212-A7093BA89F79}.Debug|Any CPU.Build.0 = Debug|Any CPU
		{15AA11F7-DB44-459D-9212-A7093BA89F79}.Release|Any CPU.ActiveCfg = Release|Any CPU
		{15AA11F7-DB44-459D-9212-A7093BA89F79}.Release|Any CPU.Build.0 = Release|Any CPU
		{3A5CDAED-A817-4E13-9F33-B55FB13353A6}.Debug|Any CPU.ActiveCfg = Debug|Any CPU
		{3A5CDAED-A817-4E13-9F33-B55FB13353A6}.Debug|Any CPU.Build.0 = Debug|Any CPU
		{3A5CDAED-A817-4E13-9F33-B55FB13353A6}.Release|Any CPU.ActiveCfg = Release|Any CPU
		{3A5CDAED-A817-4E13-9F33-B55FB13353A6}.Release|Any CPU.Build.0 = Release|Any CPU
		{9FCBFFBE-C639-4DDD-8F06-787FDB175793}.Debug|Any CPU.ActiveCfg = Debug|Any CPU
		{9FCBFFBE-C639-4DDD-8F06-787FDB175793}.Debug|Any CPU.Build.0 = Debug|Any CPU
		{9FCBFFBE-C639-4DDD-8F06-787FDB175793}.Release|Any CPU.ActiveCfg = Release|Any CPU
		{9FCBFFBE-C639-4DDD-8F06-787FDB175793}.Release|Any CPU.Build.0 = Release|Any CPU
	EndGlobalSection
	GlobalSection(SolutionProperties) = preSolution
		HideSolutionNode = FALSE
	EndGlobalSection
	GlobalSection(ExtensibilityGlobals) = postSolution
		SolutionGuid = {F340C3E5-79DA-46CE-93A8-E958807466DD}
	EndGlobalSection
EndGlobal
