
Microsoft Visual Studio Solution File, Format Version 12.00
# Visual Studio 15
VisualStudioVersion = 15.0.28010.2003
MinimumVisualStudioVersion = 10.0.40219.1
Project("{FAE04EC0-301F-11D3-BF4B-00C04F79EFBC}") = "TriangleClassLibrary", "TriangleClassLibrary\TriangleClassLibrary.csproj", "{22D9C236-78F9-4208-AD65-B013F3821BE2}"
EndProject
Project("{FAE04EC0-301F-11D3-BF4B-00C04F79EFBC}") = "ConsoleTriangleApp", "ConsoleTriangleApp\ConsoleTriangleApp.csproj", "{934E6A8E-0E7D-4274-B393-37597B879921}"
EndProject
Global
	GlobalSection(SolutionConfigurationPlatforms) = preSolution
		Debug|Any CPU = Debug|Any CPU
		Release|Any CPU = Release|Any CPU
	EndGlobalSection
	GlobalSection(ProjectConfigurationPlatforms) = postSolution
		{22D9C236-78F9-4208-AD65-B013F3821BE2}.Debug|Any CPU.ActiveCfg = Debug|Any CPU
		{22D9C236-78F9-4208-AD65-B013F3821BE2}.Debug|Any CPU.Build.0 = Debug|Any CPU
		{22D9C236-78F9-4208-AD65-B013F3821BE2}.Release|Any CPU.ActiveCfg = Release|Any CPU
		{22D9C236-78F9-4208-AD65-B013F3821BE2}.Release|Any CPU.Build.0 = Release|Any CPU
		{934E6A8E-0E7D-4274-B393-37597B879921}.Debug|Any CPU.ActiveCfg = Debug|Any CPU
		{934E6A8E-0E7D-4274-B393-37597B879921}.Debug|Any CPU.Build.0 = Debug|Any CPU
		{934E6A8E-0E7D-4274-B393-37597B879921}.Release|Any CPU.ActiveCfg = Release|Any CPU
		{934E6A8E-0E7D-4274-B393-37597B879921}.Release|Any CPU.Build.0 = Release|Any CPU
	EndGlobalSection
	GlobalSection(SolutionProperties) = preSolution
		HideSolutionNode = FALSE
	EndGlobalSection
	GlobalSection(ExtensibilityGlobals) = postSolution
		SolutionGuid = {AE169195-A72D-457A-BEA8-C5A9D790ADDA}
	EndGlobalSection
EndGlobal
